// !$*UTF8*$!
{
	archiveVersion = 1;
	classes = {
	};
	objectVersion = 56;
	objects = {

/* Begin PBXBuildFile section */
		29BEB1ED29EC4491006C501C /* sustainableWatchApp.swift in Sources */ = {isa = PBXBuildFile; fileRef = 29BEB1EC29EC4491006C501C /* sustainableWatchApp.swift */; };
		29BEB1EF29EC4491006C501C /* Persistence.swift in Sources */ = {isa = PBXBuildFile; fileRef = 29BEB1EE29EC4491006C501C /* Persistence.swift */; };
		29BEB1F229EC4491006C501C /* sustainableWatch.xcdatamodeld in Sources */ = {isa = PBXBuildFile; fileRef = 29BEB1F029EC4491006C501C /* sustainableWatch.xcdatamodeld */; };
		29BEB1F429EC4491006C501C /* ContentView.swift in Sources */ = {isa = PBXBuildFile; fileRef = 29BEB1F329EC4491006C501C /* ContentView.swift */; };
		29BEB1F629EC4493006C501C /* Assets.xcassets in Resources */ = {isa = PBXBuildFile; fileRef = 29BEB1F529EC4493006C501C /* Assets.xcassets */; };
		29BEB1FA29EC4493006C501C /* Preview Assets.xcassets in Resources */ = {isa = PBXBuildFile; fileRef = 29BEB1F929EC4493006C501C /* Preview Assets.xcassets */; };
		29BEB20129EC45D9006C501C /* BluetoothManager.swift in Sources */ = {isa = PBXBuildFile; fileRef = 29BEB20029EC45D9006C501C /* BluetoothManager.swift */; };
		29BEB2032A02E248006C501C /* CalendarManager.swift in Sources */ = {isa = PBXBuildFile; fileRef = 29BEB2022A02E248006C501C /* CalendarManager.swift */; };
/* End PBXBuildFile section */

/* Begin PBXFileReference section */
		29BEB1E929EC4491006C501C /* sustainableWatch.app */ = {isa = PBXFileReference; explicitFileType = wrapper.application; includeInIndex = 0; path = sustainableWatch.app; sourceTree = BUILT_PRODUCTS_DIR; };
		29BEB1EC29EC4491006C501C /* sustainableWatchApp.swift */ = {isa = PBXFileReference; lastKnownFileType = sourcecode.swift; path = sustainableWatchApp.swift; sourceTree = "<group>"; };
		29BEB1EE29EC4491006C501C /* Persistence.swift */ = {isa = PBXFileReference; lastKnownFileType = sourcecode.swift; path = Persistence.swift; sourceTree = "<group>"; };
		29BEB1F129EC4491006C501C /* sustainableWatch.xcdatamodel */ = {isa = PBXFileReference; lastKnownFileType = wrapper.xcdatamodel; path = sustainableWatch.xcdatamodel; sourceTree = "<group>"; };
		29BEB1F329EC4491006C501C /* ContentView.swift */ = {isa = PBXFileReference; lastKnownFileType = sourcecode.swift; path = ContentView.swift; sourceTree = "<group>"; };
		29BEB1F529EC4493006C501C /* Assets.xcassets */ = {isa = PBXFileReference; lastKnownFileType = folder.assetcatalog; path = Assets.xcassets; sourceTree = "<group>"; };
		29BEB1F729EC4493006C501C /* sustainableWatch.entitlements */ = {isa = PBXFileReference; lastKnownFileType = text.plist.entitlements; path = sustainableWatch.entitlements; sourceTree = "<group>"; };
		29BEB1F929EC4493006C501C /* Preview Assets.xcassets */ = {isa = PBXFileReference; lastKnownFileType = folder.assetcatalog; path = "Preview Assets.xcassets"; sourceTree = "<group>"; };
		29BEB20029EC45D9006C501C /* BluetoothManager.swift */ = {isa = PBXFileReference; lastKnownFileType = sourcecode.swift; path = BluetoothManager.swift; sourceTree = "<group>"; };
		29BEB2022A02E248006C501C /* CalendarManager.swift */ = {isa = PBXFileReference; lastKnownFileType = sourcecode.swift; path = CalendarManager.swift; sourceTree = "<group>"; };
		29BEB2042A02E3B5006C501C /* Info.plist */ = {isa = PBXFileReference; lastKnownFileType = text.plist; path = Info.plist; sourceTree = "<group>"; };
/* End PBXFileReference section */

/* Begin PBXFrameworksBuildPhase section */
		29BEB1E629EC4491006C501C /* Frameworks */ = {
			isa = PBXFrameworksBuildPhase;
			buildActionMask = 2147483647;
			files = (
			);
			runOnlyForDeploymentPostprocessing = 0;
		};
/* End PBXFrameworksBuildPhase section */

/* Begin PBXGroup section */
		29BEB1E029EC4491006C501C = {
			isa = PBXGroup;
			children = (
				29BEB1EB29EC4491006C501C /* sustainableWatch */,
				29BEB1EA29EC4491006C501C /* Products */,
			);
			sourceTree = "<group>";
		};
		29BEB1EA29EC4491006C501C /* Products */ = {
			isa = PBXGroup;
			children = (
				29BEB1E929EC4491006C501C /* sustainableWatch.app */,
			);
			name = Products;
			sourceTree = "<group>";
		};
		29BEB1EB29EC4491006C501C /* sustainableWatch */ = {
			isa = PBXGroup;
			children = (
				29BEB2042A02E3B5006C501C /* Info.plist */,
				29BEB1EC29EC4491006C501C /* sustainableWatchApp.swift */,
				29BEB1EE29EC4491006C501C /* Persistence.swift */,
				29BEB1F329EC4491006C501C /* ContentView.swift */,
				29BEB20029EC45D9006C501C /* BluetoothManager.swift */,
				29BEB2022A02E248006C501C /* CalendarManager.swift */,
				29BEB1F529EC4493006C501C /* Assets.xcassets */,
				29BEB1F729EC4493006C501C /* sustainableWatch.entitlements */,
				29BEB1F029EC4491006C501C /* sustainableWatch.xcdatamodeld */,
				29BEB1F829EC4493006C501C /* Preview Content */,
			);
			path = sustainableWatch;
			sourceTree = "<group>";
		};
		29BEB1F829EC4493006C501C /* Preview Content */ = {
			isa = PBXGroup;
			children = (
				29BEB1F929EC4493006C501C /* Preview Assets.xcassets */,
			);
			path = "Preview Content";
			sourceTree = "<group>";
		};
/* End PBXGroup section */

/* Begin PBXNativeTarget section */
		29BEB1E829EC4491006C501C /* sustainableWatch */ = {
			isa = PBXNativeTarget;
			buildConfigurationList = 29BEB1FD29EC4493006C501C /* Build configuration list for PBXNativeTarget "sustainableWatch" */;
			buildPhases = (
				29BEB1E529EC4491006C501C /* Sources */,
				29BEB1E629EC4491006C501C /* Frameworks */,
				29BEB1E729EC4491006C501C /* Resources */,
			);
			buildRules = (
			);
			dependencies = (
			);
			name = sustainableWatch;
			productName = sustainableWatch;
			productReference = 29BEB1E929EC4491006C501C /* sustainableWatch.app */;
			productType = "com.apple.product-type.application";
		};
/* End PBXNativeTarget section */

/* Begin PBXProject section */
		29BEB1E129EC4491006C501C /* Project object */ = {
			isa = PBXProject;
			attributes = {
				BuildIndependentTargetsInParallel = 1;
				LastSwiftUpdateCheck = 1430;
				LastUpgradeCheck = 1430;
				TargetAttributes = {
					29BEB1E829EC4491006C501C = {
						CreatedOnToolsVersion = 14.3;
					};
				};
			};
			buildConfigurationList = 29BEB1E429EC4491006C501C /* Build configuration list for PBXProject "sustainableWatch" */;
			compatibilityVersion = "Xcode 14.0";
			developmentRegion = en;
			hasScannedForEncodings = 0;
			knownRegions = (
				en,
				Base,
			);
			mainGroup = 29BEB1E029EC4491006C501C;
			productRefGroup = 29BEB1EA29EC4491006C501C /* Products */;
			projectDirPath = "";
			projectRoot = "";
			targets = (
				29BEB1E829EC4491006C501C /* sustainableWatch */,
			);
		};
/* End PBXProject section */

/* Begin PBXResourcesBuildPhase section */
		29BEB1E729EC4491006C501C /* Resources */ = {
			isa = PBXResourcesBuildPhase;
			buildActionMask = 2147483647;
			files = (
				29BEB1FA29EC4493006C501C /* Preview Assets.xcassets in Resources */,
				29BEB1F629EC4493006C501C /* Assets.xcassets in Resources */,
			);
			runOnlyForDeploymentPostprocessing = 0;
		};
/* End PBXResourcesBuildPhase section */

/* Begin PBXSourcesBuildPhase section */
		29BEB1E529EC4491006C501C /* Sources */ = {
			isa = PBXSourcesBuildPhase;
			buildActionMask = 2147483647;
			files = (
				29BEB1F229EC4491006C501C /* sustainableWatch.xcdatamodeld in Sources */,
				29BEB1ED29EC4491006C501C /* sustainableWatchApp.swift in Sources */,
				29BEB1F429EC4491006C501C /* ContentView.swift in Sources */,
				29BEB2032A02E248006C501C /* CalendarManager.swift in Sources */,
				29BEB1EF29EC4491006C501C /* Persistence.swift in Sources */,
				29BEB20129EC45D9006C501C /* BluetoothManager.swift in Sources */,
			);
			runOnlyForDeploymentPostprocessing = 0;
		};
/* End PBXSourcesBuildPhase section */

/* Begin XCBuildConfiguration section */
		29BEB1FB29EC4493006C501C /* Debug */ = {
			isa = XCBuildConfiguration;
			buildSettings = {
				ALWAYS_SEARCH_USER_PATHS = NO;
				CLANG_ANALYZER_NONNULL = YES;
				CLANG_ANALYZER_NUMBER_OBJECT_CONVERSION = YES_AGGRESSIVE;
				CLANG_CXX_LANGUAGE_STANDARD = "gnu++20";
				CLANG_ENABLE_MODULES = YES;
				CLANG_ENABLE_OBJC_ARC = YES;
				CLANG_ENABLE_OBJC_WEAK = YES;
				CLANG_WARN_BLOCK_CAPTURE_AUTORELEASING = YES;
				CLANG_WARN_BOOL_CONVERSION = YES;
				CLANG_WARN_COMMA = YES;
				CLANG_WARN_CONSTANT_CONVERSION = YES;
				CLANG_WARN_DEPRECATED_OBJC_IMPLEMENTATIONS = YES;
				CLANG_WARN_DIRECT_OBJC_ISA_USAGE = YES_ERROR;
				CLANG_WARN_DOCUMENTATION_COMMENTS = YES;
				CLANG_WARN_EMPTY_BODY = YES;
				CLANG_WARN_ENUM_CONVERSION = YES;
				CLANG_WARN_INFINITE_RECURSION = YES;
				CLANG_WARN_INT_CONVERSION = YES;
				CLANG_WARN_NON_LITERAL_NULL_CONVERSION = YES;
				CLANG_WARN_OBJC_IMPLICIT_RETAIN_SELF = YES;
				CLANG_WARN_OBJC_LITERAL_CONVERSION = YES;
				CLANG_WARN_OBJC_ROOT_CLASS = YES_ERROR;
				CLANG_WARN_QUOTED_INCLUDE_IN_FRAMEWORK_HEADER = YES;
				CLANG_WARN_RANGE_LOOP_ANALYSIS = YES;
				CLANG_WARN_STRICT_PROTOTYPES = YES;
				CLANG_WARN_SUSPICIOUS_MOVE = YES;
				CLANG_WARN_UNGUARDED_AVAILABILITY = YES_AGGRESSIVE;
				CLANG_WARN_UNREACHABLE_CODE = YES;
				CLANG_WARN__DUPLICATE_METHOD_MATCH = YES;
				COPY_PHASE_STRIP = NO;
				DEBUG_INFORMATION_FORMAT = dwarf;
				ENABLE_STRICT_OBJC_MSGSEND = YES;
				ENABLE_TESTABILITY = YES;
				GCC_C_LANGUAGE_STANDARD = gnu11;
				GCC_DYNAMIC_NO_PIC = NO;
				GCC_NO_COMMON_BLOCKS = YES;
				GCC_OPTIMIZATION_LEVEL = 0;
				GCC_PREPROCESSOR_DEFINITIONS = (
					"DEBUG=1",
					"$(inherited)",
				);
				GCC_WARN_64_TO_32_BIT_CONVERSION = YES;
				GCC_WARN_ABOUT_RETURN_TYPE = YES_ERROR;
				GCC_WARN_UNDECLARED_SELECTOR = YES;
				GCC_WARN_UNINITIALIZED_AUTOS = YES_AGGRESSIVE;
				GCC_WARN_UNUSED_FUNCTION = YES;
				GCC_WARN_UNUSED_VARIABLE = YES;
				MTL_ENABLE_DEBUG_INFO = INCLUDE_SOURCE;
				MTL_FAST_MATH = YES;
				ONLY_ACTIVE_ARCH = YES;
				SWIFT_ACTIVE_COMPILATION_CONDITIONS = DEBUG;
				SWIFT_OPTIMIZATION_LEVEL = "-Onone";
			};
			name = Debug;
		};
		29BEB1FC29EC4493006C501C /* Release */ = {
			isa = XCBuildConfiguration;
			buildSettings = {
				ALWAYS_SEARCH_USER_PATHS = NO;
				CLANG_ANALYZER_NONNULL = YES;
				CLANG_ANALYZER_NUMBER_OBJECT_CONVERSION = YES_AGGRESSIVE;
				CLANG_CXX_LANGUAGE_STANDARD = "gnu++20";
				CLANG_ENABLE_MODULES = YES;
				CLANG_ENABLE_OBJC_ARC = YES;
				CLANG_ENABLE_OBJC_WEAK = YES;
				CLANG_WARN_BLOCK_CAPTURE_AUTORELEASING = YES;
				CLANG_WARN_BOOL_CONVERSION = YES;
				CLANG_WARN_COMMA = YES;
				CLANG_WARN_CONSTANT_CONVERSION = YES;
				CLANG_WARN_DEPRECATED_OBJC_IMPLEMENTATIONS = YES;
				CLANG_WARN_DIRECT_OBJC_ISA_USAGE = YES_ERROR;
				CLANG_WARN_DOCUMENTATION_COMMENTS = YES;
				CLANG_WARN_EMPTY_BODY = YES;
				CLANG_WARN_ENUM_CONVERSION = YES;
				CLANG_WARN_INFINITE_RECURSION = YES;
				CLANG_WARN_INT_CONVERSION = YES;
				CLANG_WARN_NON_LITERAL_NULL_CONVERSION = YES;
				CLANG_WARN_OBJC_IMPLICIT_RETAIN_SELF = YES;
				CLANG_WARN_OBJC_LITERAL_CONVERSION = YES;
				CLANG_WARN_OBJC_ROOT_CLASS = YES_ERROR;
				CLANG_WARN_QUOTED_INCLUDE_IN_FRAMEWORK_HEADER = YES;
				CLANG_WARN_RANGE_LOOP_ANALYSIS = YES;
				CLANG_WARN_STRICT_PROTOTYPES = YES;
				CLANG_WARN_SUSPICIOUS_MOVE = YES;
				CLANG_WARN_UNGUARDED_AVAILABILITY = YES_AGGRESSIVE;
				CLANG_WARN_UNREACHABLE_CODE = YES;
				CLANG_WARN__DUPLICATE_METHOD_MATCH = YES;
				COPY_PHASE_STRIP = NO;
				DEBUG_INFORMATION_FORMAT = "dwarf-with-dsym";
				ENABLE_NS_ASSERTIONS = NO;
				ENABLE_STRICT_OBJC_MSGSEND = YES;
				GCC_C_LANGUAGE_STANDARD = gnu11;
				GCC_NO_COMMON_BLOCKS = YES;
				GCC_WARN_64_TO_32_BIT_CONVERSION = YES;
				GCC_WARN_ABOUT_RETURN_TYPE = YES_ERROR;
				GCC_WARN_UNDECLARED_SELECTOR = YES;
				GCC_WARN_UNINITIALIZED_AUTOS = YES_AGGRESSIVE;
				GCC_WARN_UNUSED_FUNCTION = YES;
				GCC_WARN_UNUSED_VARIABLE = YES;
				MTL_ENABLE_DEBUG_INFO = NO;
				MTL_FAST_MATH = YES;
				SWIFT_COMPILATION_MODE = wholemodule;
				SWIFT_OPTIMIZATION_LEVEL = "-O";
			};
			name = Release;
		};
		29BEB1FE29EC4493006C501C /* Debug */ = {
			isa = XCBuildConfiguration;
			buildSettings = {
				ASSETCATALOG_COMPILER_APPICON_NAME = AppIcon;
				ASSETCATALOG_COMPILER_GLOBAL_ACCENT_COLOR_NAME = AccentColor;
				CODE_SIGN_ENTITLEMENTS = sustainableWatch/sustainableWatch.entitlements;
				CODE_SIGN_STYLE = Automatic;
				CURRENT_PROJECT_VERSION = 1;
				DEVELOPMENT_ASSET_PATHS = "\"sustainableWatch/Preview Content\"";
				DEVELOPMENT_TEAM = C27MVZPB3E;
				ENABLE_HARDENED_RUNTIME = YES;
				ENABLE_PREVIEWS = YES;
				GENERATE_INFOPLIST_FILE = YES;
				INFOPLIST_FILE = sustainableWatch/Info.plist;
				INFOPLIST_KEY_CFBundleDisplayName = "Sustainable Watch";
				INFOPLIST_KEY_LSApplicationCategoryType = "public.app-category.productivity";
				INFOPLIST_KEY_NSBluetoothAlwaysUsageDescription = "Needed to interact with the watch";
				INFOPLIST_KEY_NSCalendarsUsageDescription = "Die App benötigt Zugriff auf Ihren Kalender, um kommende Ereignisse anzuzeigen.";
				"INFOPLIST_KEY_UIApplicationSceneManifest_Generation[sdk=iphoneos*]" = YES;
				"INFOPLIST_KEY_UIApplicationSceneManifest_Generation[sdk=iphonesimulator*]" = YES;
				"INFOPLIST_KEY_UIApplicationSupportsIndirectInputEvents[sdk=iphoneos*]" = YES;
				"INFOPLIST_KEY_UIApplicationSupportsIndirectInputEvents[sdk=iphonesimulator*]" = YES;
				"INFOPLIST_KEY_UILaunchScreen_Generation[sdk=iphoneos*]" = YES;
				"INFOPLIST_KEY_UILaunchScreen_Generation[sdk=iphonesimulator*]" = YES;
				"INFOPLIST_KEY_UIStatusBarStyle[sdk=iphoneos*]" = UIStatusBarStyleDefault;
				"INFOPLIST_KEY_UIStatusBarStyle[sdk=iphonesimulator*]" = UIStatusBarStyleDefault;
				INFOPLIST_KEY_UISupportedInterfaceOrientations_iPad = "UIInterfaceOrientationPortrait UIInterfaceOrientationPortraitUpsideDown UIInterfaceOrientationLandscapeLeft UIInterfaceOrientationLandscapeRight";
				INFOPLIST_KEY_UISupportedInterfaceOrientations_iPhone = "UIInterfaceOrientationPortrait UIInterfaceOrientationLandscapeLeft UIInterfaceOrientationLandscapeRight";
				IPHONEOS_DEPLOYMENT_TARGET = 16.4;
				LD_RUNPATH_SEARCH_PATHS = "@executable_path/Frameworks";
				"LD_RUNPATH_SEARCH_PATHS[sdk=macosx*]" = "@executable_path/../Frameworks";
				MACOSX_DEPLOYMENT_TARGET = 13.3;
				MARKETING_VERSION = 1.0;
				PRODUCT_BUNDLE_IDENTIFIER = family.middelschulte.sustainableWatch;
				PRODUCT_NAME = "$(TARGET_NAME)";
				SDKROOT = auto;
				SUPPORTED_PLATFORMS = "iphoneos iphonesimulator macosx";
				SWIFT_EMIT_LOC_STRINGS = YES;
				SWIFT_VERSION = 5.0;
				TARGETED_DEVICE_FAMILY = "1,2";
			};
			name = Debug;
		};
		29BEB1FF29EC4493006C501C /* Release */ = {
			isa = XCBuildConfiguration;
			buildSettings = {
				ASSETCATALOG_COMPILER_APPICON_NAME = AppIcon;
				ASSETCATALOG_COMPILER_GLOBAL_ACCENT_COLOR_NAME = AccentColor;
				CODE_SIGN_ENTITLEMENTS = sustainableWatch/sustainableWatch.entitlements;
				CODE_SIGN_STYLE = Automatic;
				CURRENT_PROJECT_VERSION = 1;
				DEVELOPMENT_ASSET_PATHS = "\"sustainableWatch/Preview Content\"";
				DEVELOPMENT_TEAM = C27MVZPB3E;
				ENABLE_HARDENED_RUNTIME = YES;
				ENABLE_PREVIEWS = YES;
				GENERATE_INFOPLIST_FILE = YES;
				INFOPLIST_FILE = sustainableWatch/Info.plist;
				INFOPLIST_KEY_CFBundleDisplayName = "Sustainable Watch";
				INFOPLIST_KEY_LSApplicationCategoryType = "public.app-category.productivity";
				INFOPLIST_KEY_NSBluetoothAlwaysUsageDescription = "Needed to interact with the watch";
				INFOPLIST_KEY_NSCalendarsUsageDescription = "Die App benötigt Zugriff auf Ihren Kalender, um kommende Ereignisse anzuzeigen.";
				"INFOPLIST_KEY_UIApplicationSceneManifest_Generation[sdk=iphoneos*]" = YES;
				"INFOPLIST_KEY_UIApplicationSceneManifest_Generation[sdk=iphonesimulator*]" = YES;
				"INFOPLIST_KEY_UIApplicationSupportsIndirectInputEvents[sdk=iphoneos*]" = YES;
				"INFOPLIST_KEY_UIApplicationSupportsIndirectInputEvents[sdk=iphonesimulator*]" = YES;
				"INFOPLIST_KEY_UILaunchScreen_Generation[sdk=iphoneos*]" = YES;
				"INFOPLIST_KEY_UILaunchScreen_Generation[sdk=iphonesimulator*]" = YES;
				"INFOPLIST_KEY_UIStatusBarStyle[sdk=iphoneos*]" = UIStatusBarStyleDefault;
				"INFOPLIST_KEY_UIStatusBarStyle[sdk=iphonesimulator*]" = UIStatusBarStyleDefault;
				INFOPLIST_KEY_UISupportedInterfaceOrientations_iPad = "UIInterfaceOrientationPortrait UIInterfaceOrientationPortraitUpsideDown UIInterfaceOrientationLandscapeLeft UIInterfaceOrientationLandscapeRight";
				INFOPLIST_KEY_UISupportedInterfaceOrientations_iPhone = "UIInterfaceOrientationPortrait UIInterfaceOrientationLandscapeLeft UIInterfaceOrientationLandscapeRight";
				IPHONEOS_DEPLOYMENT_TARGET = 16.4;
				LD_RUNPATH_SEARCH_PATHS = "@executable_path/Frameworks";
				"LD_RUNPATH_SEARCH_PATHS[sdk=macosx*]" = "@executable_path/../Frameworks";
				MACOSX_DEPLOYMENT_TARGET = 13.3;
				MARKETING_VERSION = 1.0;
				PRODUCT_BUNDLE_IDENTIFIER = family.middelschulte.sustainableWatch;
				PRODUCT_NAME = "$(TARGET_NAME)";
				SDKROOT = auto;
				SUPPORTED_PLATFORMS = "iphoneos iphonesimulator macosx";
				SWIFT_EMIT_LOC_STRINGS = YES;
				SWIFT_VERSION = 5.0;
				TARGETED_DEVICE_FAMILY = "1,2";
			};
			name = Release;
		};
/* End XCBuildConfiguration section */

/* Begin XCConfigurationList section */
		29BEB1E429EC4491006C501C /* Build configuration list for PBXProject "sustainableWatch" */ = {
			isa = XCConfigurationList;
			buildConfigurations = (
				29BEB1FB29EC4493006C501C /* Debug */,
				29BEB1FC29EC4493006C501C /* Release */,
			);
			defaultConfigurationIsVisible = 0;
			defaultConfigurationName = Release;
		};
		29BEB1FD29EC4493006C501C /* Build configuration list for PBXNativeTarget "sustainableWatch" */ = {
			isa = XCConfigurationList;
			buildConfigurations = (
				29BEB1FE29EC4493006C501C /* Debug */,
				29BEB1FF29EC4493006C501C /* Release */,
			);
			defaultConfigurationIsVisible = 0;
			defaultConfigurationName = Release;
		};
/* End XCConfigurationList section */

/* Begin XCVersionGroup section */
		29BEB1F029EC4491006C501C /* sustainableWatch.xcdatamodeld */ = {
			isa = XCVersionGroup;
			children = (
				29BEB1F129EC4491006C501C /* sustainableWatch.xcdatamodel */,
			);
			currentVersion = 29BEB1F129EC4491006C501C /* sustainableWatch.xcdatamodel */;
			path = sustainableWatch.xcdatamodeld;
			sourceTree = "<group>";
			versionGroupType = wrapper.xcdatamodel;
		};
/* End XCVersionGroup section */
	};
	rootObject = 29BEB1E129EC4491006C501C /* Project object */;
}
